
Microsoft Visual Studio Solution File, Format Version 12.00
# Visual Studio Version 17
VisualStudioVersion = 17.7.34031.279
MinimumVisualStudioVersion = 10.0.40219.1
Project("{9A19103F-16F7-4668-BE54-9A1E7A4F7556}") = "ColorPicker", "ColorPicker\ColorPicker.csproj", "{A5BD3F04-FFBB-4754-85F8-C7ACF8E44A19}"
EndProject
Global
	GlobalSection(SolutionConfigurationPlatforms) = preSolution
		Debug|Any CPU = Debug|Any CPU
		Release|Any CPU = Release|Any CPU
	EndGlobalSection
	GlobalSection(ProjectConfigurationPlatforms) = postSolution
		{A5BD3F04-FFBB-4754-85F8-C7ACF8E44A19}.Debug|Any CPU.ActiveCfg = Debug|Any CPU
		{A5BD3F04-FFBB-4754-85F8-C7ACF8E44A19}.Debug|Any CPU.Build.0 = Debug|Any CPU
		{A5BD3F04-FFBB-4754-85F8-C7ACF8E44A19}.Release|Any CPU.ActiveCfg = Release|Any CPU
		{A5BD3F04-FFBB-4754-85F8-C7ACF8E44A19}.Release|Any CPU.Build.0 = Release|Any CPU
	EndGlobalSection
	GlobalSection(SolutionProperties) = preSolution
		HideSolutionNode = FALSE
	EndGlobalSection
	GlobalSection(ExtensibilityGlobals) = postSolution
		SolutionGuid = {09647AAC-D85C-4C76-88F9-4E0C1E60A44C}
	EndGlobalSection
EndGlobal
